
Microsoft Visual Studio Solution File, Format Version 12.00
# Visual Studio 14
VisualStudioVersion = 14.0.24720.0
MinimumVisualStudioVersion = 10.0.40219.1
Project("{FAE04EC0-301F-11D3-BF4B-00C04F79EFBC}") = "ASPC", "ASPC\ASPC.csproj", "{C0F364F9-3DCA-4417-A308-94A924982718}"
EndProject
Global
	GlobalSection(SolutionConfigurationPlatforms) = preSolution
		Debug|Any CPU = Debug|Any CPU
		Release|Any CPU = Release|Any CPU
		RunEXE|Any CPU = RunEXE|Any CPU
	EndGlobalSection
	GlobalSection(ProjectConfigurationPlatforms) = postSolution
		{C0F364F9-3DCA-4417-A308-94A924982718}.Debug|Any CPU.ActiveCfg = Debug|Any CPU
		{C0F364F9-3DCA-4417-A308-94A924982718}.Debug|Any CPU.Build.0 = Debug|Any CPU
		{C0F364F9-3DCA-4417-A308-94A924982718}.Release|Any CPU.ActiveCfg = Release|Any CPU
		{C0F364F9-3DCA-4417-A308-94A924982718}.Release|Any CPU.Build.0 = Release|Any CPU
		{C0F364F9-3DCA-4417-A308-94A924982718}.RunEXE|Any CPU.ActiveCfg = Debug|Any CPU
		{C0F364F9-3DCA-4417-A308-94A924982718}.RunEXE|Any CPU.Build.0 = Debug|Any CPU
	EndGlobalSection
	GlobalSection(SolutionProperties) = preSolution
		HideSolutionNode = FALSE
	EndGlobalSection
EndGlobal
